
Microsoft Visual Studio Solution File, Format Version 12.00
Project("{FAE04EC0-301F-11D3-BF4B-00C04F79EFBC}") = "Melodee.Cli", "src\Melodee.Cli\Melodee.Cli.csproj", "{9D6AB4DB-318C-4E1D-924F-3E089511D233}"
EndProject
Project("{FAE04EC0-301F-11D3-BF4B-00C04F79EFBC}") = "Melodee.Common", "src\Melodee.Common\Melodee.Common.csproj", "{F8FE5E96-7D01-403F-89CD-DEAE75B9FB9F}"
EndProject
Project("{FAE04EC0-301F-11D3-BF4B-00C04F79EFBC}") = "Melodee.Tests.Common", "tests\Melodee.Tests.Common\Melodee.Tests.Common.csproj", "{E4EA6169-70D6-4069-AAB9-7275E444F39F}"
EndProject
Project("{2150E333-8FDC-42A3-9474-1A3956D46DE8}") = "Solution Items", "Solution Items", "{B4B31DC3-FCD5-4673-A4F7-F091495FAA59}"
	ProjectSection(SolutionItems) = preProject
		Directory.Packages.props = Directory.Packages.props
		LICENSE = LICENSE
		README.md = README.md
	EndProjectSection
EndProject
Project("{FAE04EC0-301F-11D3-BF4B-00C04F79EFBC}") = "Melodee.Blazor", "src\Melodee.Blazor\Melodee.Blazor.csproj", "{99AD107E-4B47-415A-BCBA-652E5E95359F}"
EndProject
Project("{FAE04EC0-301F-11D3-BF4B-00C04F79EFBC}") = "Melodee.Tests.Blazor", "tests\Melodee.Tests.Blazor\Melodee.Tests.Blazor.csproj", "{2BE52C95-0A0D-4967-A7A5-0491A9FE6C2D}"
EndProject
Project("{FAE04EC0-301F-11D3-BF4B-00C04F79EFBC}") = "Melodee.Benchmarks", "benchmarks\Melodee.Benchmarks\Melodee.Benchmarks.csproj", "{A1B2C3D4-E5F6-7890-ABCD-EF1234567890}"
EndProject
Project("{FAE04EC0-301F-11D3-BF4B-00C04F79EFBC}") = "Melodee.Mql", "src\Melodee.Mql\Melodee.Mql.csproj", "{C1A2B3C4-D5E6-7890-ABCD-EF1234567890}"
EndProject
Project("{FAE04EC0-301F-11D3-BF4B-00C04F79EFBC}") = "Melodee.Mql.Tests", "tests\Melodee.Mql.Tests\Melodee.Mql.Tests.csproj", "{D2B3C4D5-E6F0-7891-BCDE-F12345678901}"
EndProject
Project("{2150E333-8FDC-42A3-9474-1A3956D46DE8}") = "tests", "tests", "{0AB3BF05-4346-4AA6-1389-037BE0695223}"
EndProject
Project("{2150E333-8FDC-42A3-9474-1A3956D46DE8}") = "src", "src", "{827E0CD3-B72D-47B6-A68D-7590B98EB39B}"
EndProject
Project("{2150E333-8FDC-42A3-9474-1A3956D46DE8}") = "benchmarks", "benchmarks", "{E79B7153-D878-4A13-9A2A-F5E1BC5825D1}"
EndProject
Project("{FAE04EC0-301F-11D3-BF4B-00C04F79EFBC}") = "Melodee.IntegrationTests", "tests\Melodee.IntegrationTests\Melodee.IntegrationTests.csproj", "{8C76DD97-A93A-4F02-A54A-7AC5697EFB26}"
EndProject
Project("{FAE04EC0-301F-11D3-BF4B-00C04F79EFBC}") = "Melodee.Tests.Cli", "tests\Melodee.Tests.Cli\Melodee.Tests.Cli.csproj", "{67829F34-B7DF-40AA-8A8C-479BD689AFD0}"
EndProject
Project("{FAE04EC0-301F-11D3-BF4B-00C04F79EFBC}") = "Melodee.Tests.OpenSubsonic", "tests\Melodee.Tests.OpenSubsonic\Melodee.Tests.OpenSubsonic.csproj", "{6BC897DE-514C-4A24-8CFC-4F410A7FE4EC}"
EndProject
Global
	GlobalSection(SolutionConfigurationPlatforms) = preSolution
		Debug|Any CPU = Debug|Any CPU
		Debug|x64 = Debug|x64
		Debug|x86 = Debug|x86
		Release|Any CPU = Release|Any CPU
		Release|x64 = Release|x64
		Release|x86 = Release|x86
	EndGlobalSection
	GlobalSection(ProjectConfigurationPlatforms) = postSolution
		{9D6AB4DB-318C-4E1D-924F-3E089511D233}.Debug|Any CPU.ActiveCfg = Debug|Any CPU
		{9D6AB4DB-318C-4E1D-924F-3E089511D233}.Debug|Any CPU.Build.0 = Debug|Any CPU
		{9D6AB4DB-318C-4E1D-924F-3E089511D233}.Debug|x64.ActiveCfg = Debug|Any CPU
		{9D6AB4DB-318C-4E1D-924F-3E089511D233}.Debug|x64.Build.0 = Debug|Any CPU
		{9D6AB4DB-318C-4E1D-924F-3E089511D233}.Debug|x86.ActiveCfg = Debug|Any CPU
		{9D6AB4DB-318C-4E1D-924F-3E089511D233}.Debug|x86.Build.0 = Debug|Any CPU
		{9D6AB4DB-318C-4E1D-924F-3E089511D233}.Release|Any CPU.ActiveCfg = Release|Any CPU
		{9D6AB4DB-318C-4E1D-924F-3E089511D233}.Release|Any CPU.Build.0 = Release|Any CPU
		{9D6AB4DB-318C-4E1D-924F-3E089511D233}.Release|x64.ActiveCfg = Release|Any CPU
		{9D6AB4DB-318C-4E1D-924F-3E089511D233}.Release|x64.Build.0 = Release|Any CPU
		{9D6AB4DB-318C-4E1D-924F-3E089511D233}.Release|x86.ActiveCfg = Release|Any CPU
		{9D6AB4DB-318C-4E1D-924F-3E089511D233}.Release|x86.Build.0 = Release|Any CPU
		{F8FE5E96-7D01-403F-89CD-DEAE75B9FB9F}.Debug|Any CPU.ActiveCfg = Debug|Any CPU
		{F8FE5E96-7D01-403F-89CD-DEAE75B9FB9F}.Debug|Any CPU.Build.0 = Debug|Any CPU
		{F8FE5E96-7D01-403F-89CD-DEAE75B9FB9F}.Debug|x64.ActiveCfg = Debug|Any CPU
		{F8FE5E96-7D01-403F-89CD-DEAE75B9FB9F}.Debug|x64.Build.0 = Debug|Any CPU
		{F8FE5E96-7D01-403F-89CD-DEAE75B9FB9F}.Debug|x86.ActiveCfg = Debug|Any CPU
		{F8FE5E96-7D01-403F-89CD-DEAE75B9FB9F}.Debug|x86.Build.0 = Debug|Any CPU
		{F8FE5E96-7D01-403F-89CD-DEAE75B9FB9F}.Release|Any CPU.ActiveCfg = Release|Any CPU
		{F8FE5E96-7D01-403F-89CD-DEAE75B9FB9F}.Release|Any CPU.Build.0 = Release|Any CPU
		{F8FE5E96-7D01-403F-89CD-DEAE75B9FB9F}.Release|x64.ActiveCfg = Release|Any CPU
		{F8FE5E96-7D01-403F-89CD-DEAE75B9FB9F}.Release|x64.Build.0 = Release|Any CPU
		{F8FE5E96-7D01-403F-89CD-DEAE75B9FB9F}.Release|x86.ActiveCfg = Release|Any CPU
		{F8FE5E96-7D01-403F-89CD-DEAE75B9FB9F}.Release|x86.Build.0 = Release|Any CPU
		{E4EA6169-70D6-4069-AAB9-7275E444F39F}.Debug|Any CPU.ActiveCfg = Debug|Any CPU
		{E4EA6169-70D6-4069-AAB9-7275E444F39F}.Debug|Any CPU.Build.0 = Debug|Any CPU
		{E4EA6169-70D6-4069-AAB9-7275E444F39F}.Debug|x64.ActiveCfg = Debug|Any CPU
		{E4EA6169-70D6-4069-AAB9-7275E444F39F}.Debug|x64.Build.0 = Debug|Any CPU
		{E4EA6169-70D6-4069-AAB9-7275E444F39F}.Debug|x86.ActiveCfg = Debug|Any CPU
		{E4EA6169-70D6-4069-AAB9-7275E444F39F}.Debug|x86.Build.0 = Debug|Any CPU
		{E4EA6169-70D6-4069-AAB9-7275E444F39F}.Release|Any CPU.ActiveCfg = Release|Any CPU
		{E4EA6169-70D6-4069-AAB9-7275E444F39F}.Release|Any CPU.Build.0 = Release|Any CPU
		{E4EA6169-70D6-4069-AAB9-7275E444F39F}.Release|x64.ActiveCfg = Release|Any CPU
		{E4EA6169-70D6-4069-AAB9-7275E444F39F}.Release|x64.Build.0 = Release|Any CPU
		{E4EA6169-70D6-4069-AAB9-7275E444F39F}.Release|x86.ActiveCfg = Release|Any CPU
		{E4EA6169-70D6-4069-AAB9-7275E444F39F}.Release|x86.Build.0 = Release|Any CPU
		{99AD107E-4B47-415A-BCBA-652E5E95359F}.Debug|Any CPU.ActiveCfg = Debug|Any CPU
		{99AD107E-4B47-415A-BCBA-652E5E95359F}.Debug|Any CPU.Build.0 = Debug|Any CPU
		{99AD107E-4B47-415A-BCBA-652E5E95359F}.Debug|x64.ActiveCfg = Debug|Any CPU
		{99AD107E-4B47-415A-BCBA-652E5E95359F}.Debug|x64.Build.0 = Debug|Any CPU
		{99AD107E-4B47-415A-BCBA-652E5E95359F}.Debug|x86.ActiveCfg = Debug|Any CPU
		{99AD107E-4B47-415A-BCBA-652E5E95359F}.Debug|x86.Build.0 = Debug|Any CPU
		{99AD107E-4B47-415A-BCBA-652E5E95359F}.Release|Any CPU.ActiveCfg = Release|Any CPU
		{99AD107E-4B47-415A-BCBA-652E5E95359F}.Release|Any CPU.Build.0 = Release|Any CPU
		{99AD107E-4B47-415A-BCBA-652E5E95359F}.Release|x64.ActiveCfg = Release|Any CPU
		{99AD107E-4B47-415A-BCBA-652E5E95359F}.Release|x64.Build.0 = Release|Any CPU
		{99AD107E-4B47-415A-BCBA-652E5E95359F}.Release|x86.ActiveCfg = Release|Any CPU
		{99AD107E-4B47-415A-BCBA-652E5E95359F}.Release|x86.Build.0 = Release|Any CPU
		{2BE52C95-0A0D-4967-A7A5-0491A9FE6C2D}.Debug|Any CPU.ActiveCfg = Debug|Any CPU
		{2BE52C95-0A0D-4967-A7A5-0491A9FE6C2D}.Debug|Any CPU.Build.0 = Debug|Any CPU
		{2BE52C95-0A0D-4967-A7A5-0491A9FE6C2D}.Debug|x64.ActiveCfg = Debug|Any CPU
		{2BE52C95-0A0D-4967-A7A5-0491A9FE6C2D}.Debug|x64.Build.0 = Debug|Any CPU
		{2BE52C95-0A0D-4967-A7A5-0491A9FE6C2D}.Debug|x86.ActiveCfg = Debug|Any CPU
		{2BE52C95-0A0D-4967-A7A5-0491A9FE6C2D}.Debug|x86.Build.0 = Debug|Any CPU
		{2BE52C95-0A0D-4967-A7A5-0491A9FE6C2D}.Release|Any CPU.ActiveCfg = Release|Any CPU
		{2BE52C95-0A0D-4967-A7A5-0491A9FE6C2D}.Release|Any CPU.Build.0 = Release|Any CPU
		{2BE52C95-0A0D-4967-A7A5-0491A9FE6C2D}.Release|x64.ActiveCfg = Release|Any CPU
		{2BE52C95-0A0D-4967-A7A5-0491A9FE6C2D}.Release|x64.Build.0 = Release|Any CPU
		{2BE52C95-0A0D-4967-A7A5-0491A9FE6C2D}.Release|x86.ActiveCfg = Release|Any CPU
		{2BE52C95-0A0D-4967-A7A5-0491A9FE6C2D}.Release|x86.Build.0 = Release|Any CPU
		{A1B2C3D4-E5F6-7890-ABCD-EF1234567890}.Debug|Any CPU.ActiveCfg = Debug|Any CPU
		{A1B2C3D4-E5F6-7890-ABCD-EF1234567890}.Debug|Any CPU.Build.0 = Debug|Any CPU
		{A1B2C3D4-E5F6-7890-ABCD-EF1234567890}.Debug|x64.ActiveCfg = Debug|Any CPU
		{A1B2C3D4-E5F6-7890-ABCD-EF1234567890}.Debug|x64.Build.0 = Debug|Any CPU
		{A1B2C3D4-E5F6-7890-ABCD-EF1234567890}.Debug|x86.ActiveCfg = Debug|Any CPU
		{A1B2C3D4-E5F6-7890-ABCD-EF1234567890}.Debug|x86.Build.0 = Debug|Any CPU
		{A1B2C3D4-E5F6-7890-ABCD-EF1234567890}.Release|Any CPU.ActiveCfg = Release|Any CPU
		{A1B2C3D4-E5F6-7890-ABCD-EF1234567890}.Release|Any CPU.Build.0 = Release|Any CPU
		{A1B2C3D4-E5F6-7890-ABCD-EF1234567890}.Release|x64.ActiveCfg = Release|Any CPU
		{A1B2C3D4-E5F6-7890-ABCD-EF1234567890}.Release|x64.Build.0 = Release|Any CPU
		{A1B2C3D4-E5F6-7890-ABCD-EF1234567890}.Release|x86.ActiveCfg = Release|Any CPU
		{A1B2C3D4-E5F6-7890-ABCD-EF1234567890}.Release|x86.Build.0 = Release|Any CPU
		{C1A2B3C4-D5E6-7890-ABCD-EF1234567890}.Debug|Any CPU.ActiveCfg = Debug|Any CPU
		{C1A2B3C4-D5E6-7890-ABCD-EF1234567890}.Debug|Any CPU.Build.0 = Debug|Any CPU
		{C1A2B3C4-D5E6-7890-ABCD-EF1234567890}.Debug|x64.ActiveCfg = Debug|Any CPU
		{C1A2B3C4-D5E6-7890-ABCD-EF1234567890}.Debug|x64.Build.0 = Debug|Any CPU
		{C1A2B3C4-D5E6-7890-ABCD-EF1234567890}.Debug|x86.ActiveCfg = Debug|Any CPU
		{C1A2B3C4-D5E6-7890-ABCD-EF1234567890}.Debug|x86.Build.0 = Debug|Any CPU
		{C1A2B3C4-D5E6-7890-ABCD-EF1234567890}.Release|Any CPU.ActiveCfg = Release|Any CPU
		{C1A2B3C4-D5E6-7890-ABCD-EF1234567890}.Release|Any CPU.Build.0 = Release|Any CPU
		{C1A2B3C4-D5E6-7890-ABCD-EF1234567890}.Release|x64.ActiveCfg = Release|Any CPU
		{C1A2B3C4-D5E6-7890-ABCD-EF1234567890}.Release|x64.Build.0 = Release|Any CPU
		{C1A2B3C4-D5E6-7890-ABCD-EF1234567890}.Release|x86.ActiveCfg = Release|Any CPU
		{C1A2B3C4-D5E6-7890-ABCD-EF1234567890}.Release|x86.Build.0 = Release|Any CPU
		{D2B3C4D5-E6F0-7891-BCDE-F12345678901}.Debug|Any CPU.ActiveCfg = Debug|Any CPU
		{D2B3C4D5-E6F0-7891-BCDE-F12345678901}.Debug|Any CPU.Build.0 = Debug|Any CPU
		{D2B3C4D5-E6F0-7891-BCDE-F12345678901}.Debug|x64.ActiveCfg = Debug|Any CPU
		{D2B3C4D5-E6F0-7891-BCDE-F12345678901}.Debug|x64.Build.0 = Debug|Any CPU
		{D2B3C4D5-E6F0-7891-BCDE-F12345678901}.Debug|x86.ActiveCfg = Debug|Any CPU
		{D2B3C4D5-E6F0-7891-BCDE-F12345678901}.Debug|x86.Build.0 = Debug|Any CPU
		{D2B3C4D5-E6F0-7891-BCDE-F12345678901}.Release|Any CPU.ActiveCfg = Release|Any CPU
		{D2B3C4D5-E6F0-7891-BCDE-F12345678901}.Release|Any CPU.Build.0 = Release|Any CPU
		{D2B3C4D5-E6F0-7891-BCDE-F12345678901}.Release|x64.ActiveCfg = Release|Any CPU
		{D2B3C4D5-E6F0-7891-BCDE-F12345678901}.Release|x64.Build.0 = Release|Any CPU
		{D2B3C4D5-E6F0-7891-BCDE-F12345678901}.Release|x86.ActiveCfg = Release|Any CPU
		{D2B3C4D5-E6F0-7891-BCDE-F12345678901}.Release|x86.Build.0 = Release|Any CPU
		{8C76DD97-A93A-4F02-A54A-7AC5697EFB26}.Debug|Any CPU.ActiveCfg = Debug|Any CPU
		{8C76DD97-A93A-4F02-A54A-7AC5697EFB26}.Debug|Any CPU.Build.0 = Debug|Any CPU
		{8C76DD97-A93A-4F02-A54A-7AC5697EFB26}.Debug|x64.ActiveCfg = Debug|Any CPU
		{8C76DD97-A93A-4F02-A54A-7AC5697EFB26}.Debug|x64.Build.0 = Debug|Any CPU
		{8C76DD97-A93A-4F02-A54A-7AC5697EFB26}.Debug|x86.ActiveCfg = Debug|Any CPU
		{8C76DD97-A93A-4F02-A54A-7AC5697EFB26}.Debug|x86.Build.0 = Debug|Any CPU
		{8C76DD97-A93A-4F02-A54A-7AC5697EFB26}.Release|Any CPU.ActiveCfg = Release|Any CPU
		{8C76DD97-A93A-4F02-A54A-7AC5697EFB26}.Release|Any CPU.Build.0 = Release|Any CPU
		{8C76DD97-A93A-4F02-A54A-7AC5697EFB26}.Release|x64.ActiveCfg = Release|Any CPU
		{8C76DD97-A93A-4F02-A54A-7AC5697EFB26}.Release|x64.Build.0 = Release|Any CPU
		{8C76DD97-A93A-4F02-A54A-7AC5697EFB26}.Release|x86.ActiveCfg = Release|Any CPU
		{8C76DD97-A93A-4F02-A54A-7AC5697EFB26}.Release|x86.Build.0 = Release|Any CPU
		{67829F34-B7DF-40AA-8A8C-479BD689AFD0}.Debug|Any CPU.ActiveCfg = Debug|Any CPU
		{67829F34-B7DF-40AA-8A8C-479BD689AFD0}.Debug|Any CPU.Build.0 = Debug|Any CPU
		{67829F34-B7DF-40AA-8A8C-479BD689AFD0}.Debug|x64.ActiveCfg = Debug|Any CPU
		{67829F34-B7DF-40AA-8A8C-479BD689AFD0}.Debug|x64.Build.0 = Debug|Any CPU
		{67829F34-B7DF-40AA-8A8C-479BD689AFD0}.Debug|x86.ActiveCfg = Debug|Any CPU
		{67829F34-B7DF-40AA-8A8C-479BD689AFD0}.Debug|x86.Build.0 = Debug|Any CPU
		{67829F34-B7DF-40AA-8A8C-479BD689AFD0}.Release|Any CPU.ActiveCfg = Release|Any CPU
		{67829F34-B7DF-40AA-8A8C-479BD689AFD0}.Release|Any CPU.Build.0 = Release|Any CPU
		{67829F34-B7DF-40AA-8A8C-479BD689AFD0}.Release|x64.ActiveCfg = Release|Any CPU
		{67829F34-B7DF-40AA-8A8C-479BD689AFD0}.Release|x64.Build.0 = Release|Any CPU
		{67829F34-B7DF-40AA-8A8C-479BD689AFD0}.Release|x86.ActiveCfg = Release|Any CPU
		{67829F34-B7DF-40AA-8A8C-479BD689AFD0}.Release|x86.Build.0 = Release|Any CPU
		{6BC897DE-514C-4A24-8CFC-4F410A7FE4EC}.Debug|Any CPU.ActiveCfg = Debug|Any CPU
		{6BC897DE-514C-4A24-8CFC-4F410A7FE4EC}.Debug|Any CPU.Build.0 = Debug|Any CPU
		{6BC897DE-514C-4A24-8CFC-4F410A7FE4EC}.Debug|x64.ActiveCfg = Debug|Any CPU
		{6BC897DE-514C-4A24-8CFC-4F410A7FE4EC}.Debug|x64.Build.0 = Debug|Any CPU
		{6BC897DE-514C-4A24-8CFC-4F410A7FE4EC}.Debug|x86.ActiveCfg = Debug|Any CPU
		{6BC897DE-514C-4A24-8CFC-4F410A7FE4EC}.Debug|x86.Build.0 = Debug|Any CPU
		{6BC897DE-514C-4A24-8CFC-4F410A7FE4EC}.Release|Any CPU.ActiveCfg = Release|Any CPU
		{6BC897DE-514C-4A24-8CFC-4F410A7FE4EC}.Release|Any CPU.Build.0 = Release|Any CPU
		{6BC897DE-514C-4A24-8CFC-4F410A7FE4EC}.Release|x64.ActiveCfg = Release|Any CPU
		{6BC897DE-514C-4A24-8CFC-4F410A7FE4EC}.Release|x64.Build.0 = Release|Any CPU
		{6BC897DE-514C-4A24-8CFC-4F410A7FE4EC}.Release|x86.ActiveCfg = Release|Any CPU
		{6BC897DE-514C-4A24-8CFC-4F410A7FE4EC}.Release|x86.Build.0 = Release|Any CPU
	EndGlobalSection
	GlobalSection(SolutionProperties) = preSolution
		HideSolutionNode = FALSE
	EndGlobalSection
	GlobalSection(NestedProjects) = preSolution
																{2BE52C95-0A0D-4967-A7A5-0491A9FE6C2D} = {0AB3BF05-4346-4AA6-1389-037BE0695223}
																{E4EA6169-70D6-4069-AAB9-7275E444F39F} = {0AB3BF05-4346-4AA6-1389-037BE0695223}
																{9D6AB4DB-318C-4E1D-924F-3E089511D233} = {827E0CD3-B72D-47B6-A68D-7590B98EB39B}
																{F8FE5E96-7D01-403F-89CD-DEAE75B9FB9F} = {827E0CD3-B72D-47B6-A68D-7590B98EB39B}
																{99AD107E-4B47-415A-BCBA-652E5E95359F} = {827E0CD3-B72D-47B6-A68D-7590B98EB39B}
		{A1B2C3D4-E5F6-7890-ABCD-EF1234567890} = {E79B7153-D878-4A13-9A2A-F5E1BC5825D1}
		{C1A2B3C4-D5E6-7890-ABCD-EF1234567890} = {827E0CD3-B72D-47B6-A68D-7590B98EB39B}
		{D2B3C4D5-E6F0-7891-BCDE-F12345678901} = {0AB3BF05-4346-4AA6-1389-037BE0695223}
		{8C76DD97-A93A-4F02-A54A-7AC5697EFB26} = {0AB3BF05-4346-4AA6-1389-037BE0695223}
		{67829F34-B7DF-40AA-8A8C-479BD689AFD0} = {0AB3BF05-4346-4AA6-1389-037BE0695223}
		{6BC897DE-514C-4A24-8CFC-4F410A7FE4EC} = {0AB3BF05-4346-4AA6-1389-037BE0695223}
	EndGlobalSection
EndGlobal
